
Microsoft Visual Studio Solution File, Format Version 9.00
# Visual Studio 2005
Project("{FAE04EC0-301F-11D3-BF4B-00C04F79EFBC}") = "VSLaunch", "VSLaunch.csproj", "{9C461D85-B355-453C-8DF3-EB9E28B22C56}"
	ProjectSection(WebsiteProperties) = preProject
		Debug.AspNetCompiler.Debug = "True"
		Release.AspNetCompiler.Debug = "False"
	EndProjectSection
EndProject
Project("{FAE04EC0-301F-11D3-BF4B-00C04F79EFBC}") = "UnitTests", "..\UnitTests\UnitTests.csproj", "{9BA5415D-3E71-485C-852E-8229A16B6BA4}"
	ProjectSection(WebsiteProperties) = preProject
		Debug.AspNetCompiler.Debug = "True"
		Release.AspNetCompiler.Debug = "False"
	EndProjectSection
EndProject
Global
	GlobalSection(SolutionConfigurationPlatforms) = preSolution
		Debug|Any CPU = Debug|Any CPU
		Release|Any CPU = Release|Any CPU
	EndGlobalSection
	GlobalSection(ProjectConfigurationPlatforms) = postSolution
		{9C461D85-B355-453C-8DF3-EB9E28B22C56}.Debug|Any CPU.ActiveCfg = Debug|Any CPU
		{9C461D85-B355-453C-8DF3-EB9E28B22C56}.Debug|Any CPU.Build.0 = Debug|Any CPU
		{9C461D85-B355-453C-8DF3-EB9E28B22C56}.Release|Any CPU.ActiveCfg = Release|Any CPU
		{9C461D85-B355-453C-8DF3-EB9E28B22C56}.Release|Any CPU.Build.0 = Release|Any CPU
		{9BA5415D-3E71-485C-852E-8229A16B6BA4}.Debug|Any CPU.ActiveCfg = Debug|Any CPU
		{9BA5415D-3E71-485C-852E-8229A16B6BA4}.Debug|Any CPU.Build.0 = Debug|Any CPU
		{9BA5415D-3E71-485C-852E-8229A16B6BA4}.Release|Any CPU.ActiveCfg = Release|Any CPU
		{9BA5415D-3E71-485C-852E-8229A16B6BA4}.Release|Any CPU.Build.0 = Release|Any CPU
	EndGlobalSection
	GlobalSection(SolutionProperties) = preSolution
		HideSolutionNode = FALSE
	EndGlobalSection
EndGlobal
